
Microsoft Visual Studio Solution File, Format Version 12.00
# Visual Studio Version 17
VisualStudioVersion = 17.5.33502.453
MinimumVisualStudioVersion = 10.0.40219.1
Project("{9A19103F-16F7-4668-BE54-9A1E7A4F7556}") = "Milestone6_Team_YourName", "Milestone6_Team_YourName\Milestone6_Team_YourName.csproj", "{0AB3FCE5-A760-49A1-907D-D3846D9AFED2}"
EndProject
Project("{9A19103F-16F7-4668-BE54-9A1E7A4F7556}") = "TestProject1", "TestProject1\TestProject1.csproj", "{A4DED258-5263-4819-B059-F2C62A29EC5B}"
EndProject
Project("{C7167F0D-BC9F-4E6E-AFE1-012C56B48DB5}") = "BudgetWapProj", "BudgetWapProj\BudgetWapProj.wapproj", "{1EAC2175-3BF9-4E4F-867C-D89AA74A98C6}"
EndProject
Global
	GlobalSection(SolutionConfigurationPlatforms) = preSolution
		Debug|Any CPU = Debug|Any CPU
		Debug|ARM = Debug|ARM
		Debug|ARM64 = Debug|ARM64
		Debug|x64 = Debug|x64
		Debug|x86 = Debug|x86
		Release|Any CPU = Release|Any CPU
		Release|ARM = Release|ARM
		Release|ARM64 = Release|ARM64
		Release|x64 = Release|x64
		Release|x86 = Release|x86
	EndGlobalSection
	GlobalSection(ProjectConfigurationPlatforms) = postSolution
		{0AB3FCE5-A760-49A1-907D-D3846D9AFED2}.Debug|Any CPU.ActiveCfg = Release|Any CPU
		{0AB3FCE5-A760-49A1-907D-D3846D9AFED2}.Debug|Any CPU.Build.0 = Release|Any CPU
		{0AB3FCE5-A760-49A1-907D-D3846D9AFED2}.Debug|ARM.ActiveCfg = Debug|Any CPU
		{0AB3FCE5-A760-49A1-907D-D3846D9AFED2}.Debug|ARM.Build.0 = Debug|Any CPU
		{0AB3FCE5-A760-49A1-907D-D3846D9AFED2}.Debug|ARM64.ActiveCfg = Debug|Any CPU
		{0AB3FCE5-A760-49A1-907D-D3846D9AFED2}.Debug|ARM64.Build.0 = Debug|Any CPU
		{0AB3FCE5-A760-49A1-907D-D3846D9AFED2}.Debug|x64.ActiveCfg = Debug|Any CPU
		{0AB3FCE5-A760-49A1-907D-D3846D9AFED2}.Debug|x64.Build.0 = Debug|Any CPU
		{0AB3FCE5-A760-49A1-907D-D3846D9AFED2}.Debug|x86.ActiveCfg = Debug|Any CPU
		{0AB3FCE5-A760-49A1-907D-D3846D9AFED2}.Debug|x86.Build.0 = Debug|Any CPU
		{0AB3FCE5-A760-49A1-907D-D3846D9AFED2}.Release|Any CPU.ActiveCfg = Release|Any CPU
		{0AB3FCE5-A760-49A1-907D-D3846D9AFED2}.Release|Any CPU.Build.0 = Release|Any CPU
		{0AB3FCE5-A760-49A1-907D-D3846D9AFED2}.Release|ARM.ActiveCfg = Release|Any CPU
		{0AB3FCE5-A760-49A1-907D-D3846D9AFED2}.Release|ARM.Build.0 = Release|Any CPU
		{0AB3FCE5-A760-49A1-907D-D3846D9AFED2}.Release|ARM64.ActiveCfg = Release|Any CPU
		{0AB3FCE5-A760-49A1-907D-D3846D9AFED2}.Release|ARM64.Build.0 = Release|Any CPU
		{0AB3FCE5-A760-49A1-907D-D3846D9AFED2}.Release|x64.ActiveCfg = Release|x64
		{0AB3FCE5-A760-49A1-907D-D3846D9AFED2}.Release|x64.Build.0 = Release|x64
		{0AB3FCE5-A760-49A1-907D-D3846D9AFED2}.Release|x86.ActiveCfg = Release|x86
		{0AB3FCE5-A760-49A1-907D-D3846D9AFED2}.Release|x86.Build.0 = Release|x86
		{A4DED258-5263-4819-B059-F2C62A29EC5B}.Debug|Any CPU.ActiveCfg = Debug|Any CPU
		{A4DED258-5263-4819-B059-F2C62A29EC5B}.Debug|Any CPU.Build.0 = Debug|Any CPU
		{A4DED258-5263-4819-B059-F2C62A29EC5B}.Debug|ARM.ActiveCfg = Debug|Any CPU
		{A4DED258-5263-4819-B059-F2C62A29EC5B}.Debug|ARM.Build.0 = Debug|Any CPU
		{A4DED258-5263-4819-B059-F2C62A29EC5B}.Debug|ARM64.ActiveCfg = Debug|Any CPU
		{A4DED258-5263-4819-B059-F2C62A29EC5B}.Debug|ARM64.Build.0 = Debug|Any CPU
		{A4DED258-5263-4819-B059-F2C62A29EC5B}.Debug|x64.ActiveCfg = Debug|Any CPU
		{A4DED258-5263-4819-B059-F2C62A29EC5B}.Debug|x64.Build.0 = Debug|Any CPU
		{A4DED258-5263-4819-B059-F2C62A29EC5B}.Debug|x86.ActiveCfg = Debug|Any CPU
		{A4DED258-5263-4819-B059-F2C62A29EC5B}.Debug|x86.Build.0 = Debug|Any CPU
		{A4DED258-5263-4819-B059-F2C62A29EC5B}.Release|Any CPU.ActiveCfg = Release|Any CPU
		{A4DED258-5263-4819-B059-F2C62A29EC5B}.Release|Any CPU.Build.0 = Release|Any CPU
		{A4DED258-5263-4819-B059-F2C62A29EC5B}.Release|ARM.ActiveCfg = Release|Any CPU
		{A4DED258-5263-4819-B059-F2C62A29EC5B}.Release|ARM.Build.0 = Release|Any CPU
		{A4DED258-5263-4819-B059-F2C62A29EC5B}.Release|ARM64.ActiveCfg = Release|Any CPU
		{A4DED258-5263-4819-B059-F2C62A29EC5B}.Release|ARM64.Build.0 = Release|Any CPU
		{A4DED258-5263-4819-B059-F2C62A29EC5B}.Release|x64.ActiveCfg = Release|x64
		{A4DED258-5263-4819-B059-F2C62A29EC5B}.Release|x64.Build.0 = Release|x64
		{A4DED258-5263-4819-B059-F2C62A29EC5B}.Release|x86.ActiveCfg = Release|x86
		{A4DED258-5263-4819-B059-F2C62A29EC5B}.Release|x86.Build.0 = Release|x86
		{1EAC2175-3BF9-4E4F-867C-D89AA74A98C6}.Debug|Any CPU.ActiveCfg = Release|x64
		{1EAC2175-3BF9-4E4F-867C-D89AA74A98C6}.Debug|Any CPU.Build.0 = Release|x64
		{1EAC2175-3BF9-4E4F-867C-D89AA74A98C6}.Debug|Any CPU.Deploy.0 = Release|x64
		{1EAC2175-3BF9-4E4F-867C-D89AA74A98C6}.Debug|ARM.ActiveCfg = Debug|ARM
		{1EAC2175-3BF9-4E4F-867C-D89AA74A98C6}.Debug|ARM.Build.0 = Debug|ARM
		{1EAC2175-3BF9-4E4F-867C-D89AA74A98C6}.Debug|ARM.Deploy.0 = Debug|ARM
		{1EAC2175-3BF9-4E4F-867C-D89AA74A98C6}.Debug|ARM64.ActiveCfg = Debug|ARM64
		{1EAC2175-3BF9-4E4F-867C-D89AA74A98C6}.Debug|ARM64.Build.0 = Debug|ARM64
		{1EAC2175-3BF9-4E4F-867C-D89AA74A98C6}.Debug|ARM64.Deploy.0 = Debug|ARM64
		{1EAC2175-3BF9-4E4F-867C-D89AA74A98C6}.Debug|x64.ActiveCfg = Debug|x64
		{1EAC2175-3BF9-4E4F-867C-D89AA74A98C6}.Debug|x64.Build.0 = Debug|x64
		{1EAC2175-3BF9-4E4F-867C-D89AA74A98C6}.Debug|x64.Deploy.0 = Debug|x64
		{1EAC2175-3BF9-4E4F-867C-D89AA74A98C6}.Debug|x86.ActiveCfg = Debug|x86
		{1EAC2175-3BF9-4E4F-867C-D89AA74A98C6}.Debug|x86.Build.0 = Debug|x86
		{1EAC2175-3BF9-4E4F-867C-D89AA74A98C6}.Debug|x86.Deploy.0 = Debug|x86
		{1EAC2175-3BF9-4E4F-867C-D89AA74A98C6}.Release|Any CPU.ActiveCfg = Release|Any CPU
		{1EAC2175-3BF9-4E4F-867C-D89AA74A98C6}.Release|Any CPU.Build.0 = Release|Any CPU
		{1EAC2175-3BF9-4E4F-867C-D89AA74A98C6}.Release|Any CPU.Deploy.0 = Release|Any CPU
		{1EAC2175-3BF9-4E4F-867C-D89AA74A98C6}.Release|ARM.ActiveCfg = Release|ARM
		{1EAC2175-3BF9-4E4F-867C-D89AA74A98C6}.Release|ARM.Build.0 = Release|ARM
		{1EAC2175-3BF9-4E4F-867C-D89AA74A98C6}.Release|ARM.Deploy.0 = Release|ARM
		{1EAC2175-3BF9-4E4F-867C-D89AA74A98C6}.Release|ARM64.ActiveCfg = Release|ARM64
		{1EAC2175-3BF9-4E4F-867C-D89AA74A98C6}.Release|ARM64.Build.0 = Release|ARM64
		{1EAC2175-3BF9-4E4F-867C-D89AA74A98C6}.Release|ARM64.Deploy.0 = Release|ARM64
		{1EAC2175-3BF9-4E4F-867C-D89AA74A98C6}.Release|x64.ActiveCfg = Release|x64
		{1EAC2175-3BF9-4E4F-867C-D89AA74A98C6}.Release|x64.Build.0 = Release|x64
		{1EAC2175-3BF9-4E4F-867C-D89AA74A98C6}.Release|x64.Deploy.0 = Release|x64
		{1EAC2175-3BF9-4E4F-867C-D89AA74A98C6}.Release|x86.ActiveCfg = Release|x86
		{1EAC2175-3BF9-4E4F-867C-D89AA74A98C6}.Release|x86.Build.0 = Release|x86
		{1EAC2175-3BF9-4E4F-867C-D89AA74A98C6}.Release|x86.Deploy.0 = Release|x86
	EndGlobalSection
	GlobalSection(SolutionProperties) = preSolution
		HideSolutionNode = FALSE
	EndGlobalSection
	GlobalSection(ExtensibilityGlobals) = postSolution
		SolutionGuid = {86994821-E7A4-40C4-82B6-564486ADE1AB}
	EndGlobalSection
EndGlobal
